
Microsoft Visual Studio Solution File, Format Version 12.00
# Visual Studio Version 17
VisualStudioVersion = 17.6.33723.286
MinimumVisualStudioVersion = 10.0.40219.1
Project("{FAE04EC0-301F-11D3-BF4B-00C04F79EFBC}") = "close", "close.csproj", "{CC39C183-F49D-4150-B28F-C6F52A668E47}"
EndProject
Global
	GlobalSection(SolutionConfigurationPlatforms) = preSolution
		Debug|Any CPU = Debug|Any CPU
		Release|Any CPU = Release|Any CPU
	EndGlobalSection
	GlobalSection(ProjectConfigurationPlatforms) = postSolution
		{CC39C183-F49D-4150-B28F-C6F52A668E47}.Debug|Any CPU.ActiveCfg = Debug|Any CPU
		{CC39C183-F49D-4150-B28F-C6F52A668E47}.Debug|Any CPU.Build.0 = Debug|Any CPU
		{CC39C183-F49D-4150-B28F-C6F52A668E47}.Release|Any CPU.ActiveCfg = Release|Any CPU
		{CC39C183-F49D-4150-B28F-C6F52A668E47}.Release|Any CPU.Build.0 = Release|Any CPU
	EndGlobalSection
	GlobalSection(SolutionProperties) = preSolution
		HideSolutionNode = FALSE
	EndGlobalSection
	GlobalSection(ExtensibilityGlobals) = postSolution
		SolutionGuid = {16F81E1C-51B0-4DCF-A714-92FDDD5532A9}
	EndGlobalSection
EndGlobal
